{
  "name": "sdp_project",
  "version": "1.0.0",
  "lockfileVersion": 2,
  "requires": true,
  "packages": {
    "": {
      "name": "sdp_project",
      "version": "1.0.0",
      "license": "ISC",
      "dependencies": {
        "module-name": "^0.0.1-security",
        "uuid": "^9.0.0"
      }
    },
    "node_modules/module-name": {
      "version": "0.0.1-security",
      "resolved": "https://registry.npmjs.org/module-name/-/module-name-0.0.1-security.tgz",
      "integrity": "sha512-yuuTU5MhBuxtUPjTIqBz3AR2z3yrBr7yjPvpHbKLu5N3iWBRji2RnNAysonzft26mMUO+vA2tB3uiAqbZ6jXAQ=="
    },
    "node_modules/uuid": {
      "version": "9.0.0",
      "resolved": "https://registry.npmjs.org/uuid/-/uuid-9.0.0.tgz",
      "integrity": "sha512-MXcSTerfPa4uqyzStbRoTgt5XIe3x5+42+q1sDuy3R5MDk66URdLMOZe5aPX/SQd+kuYAh0FdP/pO28IkQyTeg==",
      "bin": {
        "uuid": "dist/bin/uuid"
      }
    }
  },
  "dependencies": {
    "module-name": {
      "version": "0.0.1-security",
      "resolved": "https://registry.npmjs.org/module-name/-/module-name-0.0.1-security.tgz",
      "integrity": "sha512-yuuTU5MhBuxtUPjTIqBz3AR2z3yrBr7yjPvpHbKLu5N3iWBRji2RnNAysonzft26mMUO+vA2tB3uiAqbZ6jXAQ=="
    },
    "uuid": {
      "version": "9.0.0",
      "resolved": "https://registry.npmjs.org/uuid/-/uuid-9.0.0.tgz",
      "integrity": "sha512-MXcSTerfPa4uqyzStbRoTgt5XIe3x5+42+q1sDuy3R5MDk66URdLMOZe5aPX/SQd+kuYAh0FdP/pO28IkQyTeg=="
    }
  }
}
